
Microsoft Visual Studio Solution File, Format Version 12.00
# Visual Studio Version 17
VisualStudioVersion = 17.0.31612.314
MinimumVisualStudioVersion = 10.0.40219.1
Project("{9A19103F-16F7-4668-BE54-9A1E7A4F7556}") = "Deconstructing", "Deconstructing\Deconstructing.csproj", "{5E68FB2A-E302-4936-A97E-D818E87984EB}"
EndProject
Global
	GlobalSection(SolutionConfigurationPlatforms) = preSolution
		Debug|Any CPU = Debug|Any CPU
		Release|Any CPU = Release|Any CPU
	EndGlobalSection
	GlobalSection(ProjectConfigurationPlatforms) = postSolution
		{5E68FB2A-E302-4936-A97E-D818E87984EB}.Debug|Any CPU.ActiveCfg = Debug|Any CPU
		{5E68FB2A-E302-4936-A97E-D818E87984EB}.Debug|Any CPU.Build.0 = Debug|Any CPU
		{5E68FB2A-E302-4936-A97E-D818E87984EB}.Release|Any CPU.ActiveCfg = Release|Any CPU
		{5E68FB2A-E302-4936-A97E-D818E87984EB}.Release|Any CPU.Build.0 = Release|Any CPU
	EndGlobalSection
	GlobalSection(SolutionProperties) = preSolution
		HideSolutionNode = FALSE
	EndGlobalSection
	GlobalSection(ExtensibilityGlobals) = postSolution
		SolutionGuid = {D91B6066-CA11-4636-9959-7F03064AB14F}
	EndGlobalSection
EndGlobal
